
Microsoft Visual Studio Solution File, Format Version 12.00
# Visual Studio Version 17
VisualStudioVersion = 17.0.31903.59
MinimumVisualStudioVersion = 10.0.40219.1
Project("{2150E333-8FDC-42A3-9474-1A3956D46DE8}") = "src", "src", "{F5B0763D-B4F7-4595-B6E2-5978FD5BDE27}"
EndProject
Project("{FAE04EC0-301F-11D3-BF4B-00C04F79EFBC}") = "AuthService", "src\AuthService\AuthService.csproj", "{B3A9DD6C-D34F-467A-A5D0-F63ACF82DD36}"
EndProject
Project("{FAE04EC0-301F-11D3-BF4B-00C04F79EFBC}") = "ProductService", "src\ProductService\ProductService.csproj", "{2F454427-198B-458F-A0E5-BD05663E0740}"
EndProject
Project("{FAE04EC0-301F-11D3-BF4B-00C04F79EFBC}") = "LogService", "src\LogService\LogService.csproj", "{A51E0270-1718-4B25-8EBE-DC8CF0FEC49E}"
EndProject
Global
	GlobalSection(SolutionConfigurationPlatforms) = preSolution
		Debug|Any CPU = Debug|Any CPU
		Release|Any CPU = Release|Any CPU
	EndGlobalSection
	GlobalSection(SolutionProperties) = preSolution
		HideSolutionNode = FALSE
	EndGlobalSection
	GlobalSection(ProjectConfigurationPlatforms) = postSolution
		{B3A9DD6C-D34F-467A-A5D0-F63ACF82DD36}.Debug|Any CPU.ActiveCfg = Debug|Any CPU
		{B3A9DD6C-D34F-467A-A5D0-F63ACF82DD36}.Debug|Any CPU.Build.0 = Debug|Any CPU
		{B3A9DD6C-D34F-467A-A5D0-F63ACF82DD36}.Release|Any CPU.ActiveCfg = Release|Any CPU
		{B3A9DD6C-D34F-467A-A5D0-F63ACF82DD36}.Release|Any CPU.Build.0 = Release|Any CPU
		{2F454427-198B-458F-A0E5-BD05663E0740}.Debug|Any CPU.ActiveCfg = Debug|Any CPU
		{2F454427-198B-458F-A0E5-BD05663E0740}.Debug|Any CPU.Build.0 = Debug|Any CPU
		{2F454427-198B-458F-A0E5-BD05663E0740}.Release|Any CPU.ActiveCfg = Release|Any CPU
		{2F454427-198B-458F-A0E5-BD05663E0740}.Release|Any CPU.Build.0 = Release|Any CPU
		{A51E0270-1718-4B25-8EBE-DC8CF0FEC49E}.Debug|Any CPU.ActiveCfg = Debug|Any CPU
		{A51E0270-1718-4B25-8EBE-DC8CF0FEC49E}.Debug|Any CPU.Build.0 = Debug|Any CPU
		{A51E0270-1718-4B25-8EBE-DC8CF0FEC49E}.Release|Any CPU.ActiveCfg = Release|Any CPU
		{A51E0270-1718-4B25-8EBE-DC8CF0FEC49E}.Release|Any CPU.Build.0 = Release|Any CPU
	EndGlobalSection
	GlobalSection(NestedProjects) = preSolution
		{B3A9DD6C-D34F-467A-A5D0-F63ACF82DD36} = {F5B0763D-B4F7-4595-B6E2-5978FD5BDE27}
		{2F454427-198B-458F-A0E5-BD05663E0740} = {F5B0763D-B4F7-4595-B6E2-5978FD5BDE27}
		{A51E0270-1718-4B25-8EBE-DC8CF0FEC49E} = {F5B0763D-B4F7-4595-B6E2-5978FD5BDE27}
	EndGlobalSection
EndGlobal
